{
  "name": "rise-data-financial-demo",
  "version": "1.0.0",
  "lockfileVersion": 1,
  "requires": true,
  "dependencies": {
    "@polymer/iron-jsonp-library": {
      "version": "3.0.1",
      "resolved": "https://registry.npmjs.org/@polymer/iron-jsonp-library/-/iron-jsonp-library-3.0.1.tgz",
      "integrity": "sha512-JpIommURLt9DCqcaJaxsUiDWEaVWV2zoq12oJAMO65Do9Sl9TAv556bI7I4mLJcE40otPZ4wYap4kFViORMiKA==",
      "requires": {
        "@polymer/polymer": "^3.0.0"
      }
    },
    "@polymer/polymer": {
      "version": "3.1.0",
      "resolved": "https://registry.npmjs.org/@polymer/polymer/-/polymer-3.1.0.tgz",
      "integrity": "sha512-hwN8IMERsFATz/9dSMxYHL+84J9uBkPuuarxJWlTsppZ4CAYTZKnepBfNrKoyNsafBmA3yXBiiKPPf+fJtza7A==",
      "requires": {
        "@webcomponents/shadycss": "^1.5.2"
      }
    },
    "@webcomponents/shadycss": {
      "version": "1.9.5",
      "resolved": "https://registry.npmjs.org/@webcomponents/shadycss/-/shadycss-1.9.5.tgz",
      "integrity": "sha512-ivJ47Gq4WJONLErim7FR1TGIX0epNx8b2N9Q7c4AKKd5Mbax+CoKoFLZ2lfFvx8vs/jz1YK+8UIbM+diSy27HQ=="
    },
    "@webcomponents/webcomponentsjs": {
      "version": "2.4.2",
      "resolved": "https://registry.npmjs.org/@webcomponents/webcomponentsjs/-/webcomponentsjs-2.4.2.tgz",
      "integrity": "sha512-3nGTTljmHHwfxBDppjbvUrKAmy78skC6nHwx3mYrbz677HXMAREh0aeJvoT4EnuomYJtLU3lS3RYvtB2MSz+NQ=="
    }
  }
}
